// !$*UTF8*$!
{
	archiveVersion = 1;
	classes = {
	};
	objectVersion = 56;
	objects = {

/* Begin PBXBuildFile section */
		0222D8E029354247008D7B23 /* FireDBHelper.swift in Sources */ = {isa = PBXBuildFile; fileRef = 0222D8DF29354247008D7B23 /* FireDBHelper.swift */; };
		027CCB2E2935139500BAE237 /* Login.swift in Sources */ = {isa = PBXBuildFile; fileRef = 027CCB2D2935139500BAE237 /* Login.swift */; };
		027CCB30293513AD00BAE237 /* Register.swift in Sources */ = {isa = PBXBuildFile; fileRef = 027CCB2F293513AD00BAE237 /* Register.swift */; };
		027CCB32293513C200BAE237 /* Information.swift in Sources */ = {isa = PBXBuildFile; fileRef = 027CCB31293513C200BAE237 /* Information.swift */; };
		027CCB34293513D400BAE237 /* User.swift in Sources */ = {isa = PBXBuildFile; fileRef = 027CCB33293513D400BAE237 /* User.swift */; };
		027CCB36293513DE00BAE237 /* Goals.swift in Sources */ = {isa = PBXBuildFile; fileRef = 027CCB35293513DE00BAE237 /* Goals.swift */; };
		027CCB392935144F00BAE237 /* Components.swift in Sources */ = {isa = PBXBuildFile; fileRef = 027CCB382935144F00BAE237 /* Components.swift */; };
		264FE1F89C1AA21DD04D14E1 /* Pods_Gympact.framework in Frameworks */ = {isa = PBXBuildFile; fileRef = 7907086636ADACB41E41AF2E /* Pods_Gympact.framework */; };
		4D115C4229353E8300FCA3C3 /* WorkoutEduDetailView.swift in Sources */ = {isa = PBXBuildFile; fileRef = 4D115C3F29353E7C00FCA3C3 /* WorkoutEduDetailView.swift */; };
		4D115C4329353E8300FCA3C3 /* WorkoutEduCatView.swift in Sources */ = {isa = PBXBuildFile; fileRef = 4D115C4029353E8000FCA3C3 /* WorkoutEduCatView.swift */; };
		4D115C4429353E8300FCA3C3 /* WorkoutEduListView.swift in Sources */ = {isa = PBXBuildFile; fileRef = 4D115C4129353E8300FCA3C3 /* WorkoutEduListView.swift */; };
		4DBAF34329440BF100DBA858 /* VideoView.swift in Sources */ = {isa = PBXBuildFile; fileRef = 4DBAF34229440BF100DBA858 /* VideoView.swift */; };
		4DFA725F292C356C006BAF73 /* GympactApp.swift in Sources */ = {isa = PBXBuildFile; fileRef = 4DFA725E292C356C006BAF73 /* GympactApp.swift */; };
		4DFA7261292C356C006BAF73 /* ContentView.swift in Sources */ = {isa = PBXBuildFile; fileRef = 4DFA7260292C356C006BAF73 /* ContentView.swift */; };
		4DFA7263292C356E006BAF73 /* Assets.xcassets in Resources */ = {isa = PBXBuildFile; fileRef = 4DFA7262292C356E006BAF73 /* Assets.xcassets */; };
		4DFA7266292C356E006BAF73 /* Preview Assets.xcassets in Resources */ = {isa = PBXBuildFile; fileRef = 4DFA7265292C356E006BAF73 /* Preview Assets.xcassets */; };
		4DFA7270292C3795006BAF73 /* Workout.swift in Sources */ = {isa = PBXBuildFile; fileRef = 4DFA726F292C3795006BAF73 /* Workout.swift */; };
		4DFA7272292C37AD006BAF73 /* WorkoutDBController.swift in Sources */ = {isa = PBXBuildFile; fileRef = 4DFA7271292C37AD006BAF73 /* WorkoutDBController.swift */; };
		4DFA7274292C3B6E006BAF73 /* GoogleService-Info.plist in Resources */ = {isa = PBXBuildFile; fileRef = 4DFA7273292C3B6E006BAF73 /* GoogleService-Info.plist */; };
		C50B77B629353DFB00EF61C8 /* Homepage.swift in Sources */ = {isa = PBXBuildFile; fileRef = C50B77B529353DFB00EF61C8 /* Homepage.swift */; };
		C50B77B829354B8000EF61C8 /* Calendar.swift in Sources */ = {isa = PBXBuildFile; fileRef = C50B77B729354B8000EF61C8 /* Calendar.swift */; };
		C50B77BA29354BA000EF61C8 /* Pedometer.swift in Sources */ = {isa = PBXBuildFile; fileRef = C50B77B929354BA000EF61C8 /* Pedometer.swift */; };
		C50B77BC29354BAD00EF61C8 /* WorkoutPlan.swift in Sources */ = {isa = PBXBuildFile; fileRef = C50B77BB29354BAD00EF61C8 /* WorkoutPlan.swift */; };
		C50B77C4293554C300EF61C8 /* GympactWatchApp.swift in Sources */ = {isa = PBXBuildFile; fileRef = C50B77C3293554C300EF61C8 /* GympactWatchApp.swift */; };
		C50B77C6293554C300EF61C8 /* ContentView.swift in Sources */ = {isa = PBXBuildFile; fileRef = C50B77C5293554C300EF61C8 /* ContentView.swift */; };
		C50B77C8293554C600EF61C8 /* Assets.xcassets in Resources */ = {isa = PBXBuildFile; fileRef = C50B77C7293554C600EF61C8 /* Assets.xcassets */; };
		C50B77CB293554C600EF61C8 /* Preview Assets.xcassets in Resources */ = {isa = PBXBuildFile; fileRef = C50B77CA293554C600EF61C8 /* Preview Assets.xcassets */; };
		C57A1859294450A100A3DC86 /* SettingsView.swift in Sources */ = {isa = PBXBuildFile; fileRef = C57A1858294450A100A3DC86 /* SettingsView.swift */; };
		C57A185B29454DB200A3DC86 /* CalculatorView.swift in Sources */ = {isa = PBXBuildFile; fileRef = C57A185A29454DB200A3DC86 /* CalculatorView.swift */; };
/* End PBXBuildFile section */

/* Begin PBXFileReference section */
		0222D8DF29354247008D7B23 /* FireDBHelper.swift */ = {isa = PBXFileReference; lastKnownFileType = sourcecode.swift; path = FireDBHelper.swift; sourceTree = "<group>"; };
		027CCB2D2935139500BAE237 /* Login.swift */ = {isa = PBXFileReference; lastKnownFileType = sourcecode.swift; path = Login.swift; sourceTree = "<group>"; };
		027CCB2F293513AD00BAE237 /* Register.swift */ = {isa = PBXFileReference; lastKnownFileType = sourcecode.swift; path = Register.swift; sourceTree = "<group>"; };
		027CCB31293513C200BAE237 /* Information.swift */ = {isa = PBXFileReference; lastKnownFileType = sourcecode.swift; path = Information.swift; sourceTree = "<group>"; };
		027CCB33293513D400BAE237 /* User.swift */ = {isa = PBXFileReference; lastKnownFileType = sourcecode.swift; path = User.swift; sourceTree = "<group>"; };
		027CCB35293513DE00BAE237 /* Goals.swift */ = {isa = PBXFileReference; lastKnownFileType = sourcecode.swift; path = Goals.swift; sourceTree = "<group>"; };
		027CCB382935144F00BAE237 /* Components.swift */ = {isa = PBXFileReference; lastKnownFileType = sourcecode.swift; path = Components.swift; sourceTree = "<group>"; };
		4D115C3F29353E7C00FCA3C3 /* WorkoutEduDetailView.swift */ = {isa = PBXFileReference; fileEncoding = 4; lastKnownFileType = sourcecode.swift; path = WorkoutEduDetailView.swift; sourceTree = "<group>"; };
		4D115C4029353E8000FCA3C3 /* WorkoutEduCatView.swift */ = {isa = PBXFileReference; fileEncoding = 4; lastKnownFileType = sourcecode.swift; path = WorkoutEduCatView.swift; sourceTree = "<group>"; };
		4D115C4129353E8300FCA3C3 /* WorkoutEduListView.swift */ = {isa = PBXFileReference; fileEncoding = 4; lastKnownFileType = sourcecode.swift; path = WorkoutEduListView.swift; sourceTree = "<group>"; };
		4DBAF34229440BF100DBA858 /* VideoView.swift */ = {isa = PBXFileReference; lastKnownFileType = sourcecode.swift; path = VideoView.swift; sourceTree = "<group>"; };
		4DFA725B292C356C006BAF73 /* Gympact.app */ = {isa = PBXFileReference; explicitFileType = wrapper.application; includeInIndex = 0; path = Gympact.app; sourceTree = BUILT_PRODUCTS_DIR; };
		4DFA725E292C356C006BAF73 /* GympactApp.swift */ = {isa = PBXFileReference; lastKnownFileType = sourcecode.swift; path = GympactApp.swift; sourceTree = "<group>"; };
		4DFA7260292C356C006BAF73 /* ContentView.swift */ = {isa = PBXFileReference; lastKnownFileType = sourcecode.swift; path = ContentView.swift; sourceTree = "<group>"; };
		4DFA7262292C356E006BAF73 /* Assets.xcassets */ = {isa = PBXFileReference; lastKnownFileType = folder.assetcatalog; path = Assets.xcassets; sourceTree = "<group>"; };
		4DFA7265292C356E006BAF73 /* Preview Assets.xcassets */ = {isa = PBXFileReference; lastKnownFileType = folder.assetcatalog; path = "Preview Assets.xcassets"; sourceTree = "<group>"; };
		4DFA726F292C3795006BAF73 /* Workout.swift */ = {isa = PBXFileReference; lastKnownFileType = sourcecode.swift; path = Workout.swift; sourceTree = "<group>"; };
		4DFA7271292C37AD006BAF73 /* WorkoutDBController.swift */ = {isa = PBXFileReference; lastKnownFileType = sourcecode.swift; path = WorkoutDBController.swift; sourceTree = "<group>"; };
		4DFA7273292C3B6E006BAF73 /* GoogleService-Info.plist */ = {isa = PBXFileReference; fileEncoding = 4; lastKnownFileType = text.plist.xml; path = "GoogleService-Info.plist"; sourceTree = "<group>"; };
		7907086636ADACB41E41AF2E /* Pods_Gympact.framework */ = {isa = PBXFileReference; explicitFileType = wrapper.framework; includeInIndex = 0; path = Pods_Gympact.framework; sourceTree = BUILT_PRODUCTS_DIR; };
		B57D5E4790BDE34564B23737 /* Pods-Gympact.release.xcconfig */ = {isa = PBXFileReference; includeInIndex = 1; lastKnownFileType = text.xcconfig; name = "Pods-Gympact.release.xcconfig"; path = "Target Support Files/Pods-Gympact/Pods-Gympact.release.xcconfig"; sourceTree = "<group>"; };
		C50B77B529353DFB00EF61C8 /* Homepage.swift */ = {isa = PBXFileReference; lastKnownFileType = sourcecode.swift; path = Homepage.swift; sourceTree = "<group>"; };
		C50B77B729354B8000EF61C8 /* Calendar.swift */ = {isa = PBXFileReference; lastKnownFileType = sourcecode.swift; path = Calendar.swift; sourceTree = "<group>"; };
		C50B77B929354BA000EF61C8 /* Pedometer.swift */ = {isa = PBXFileReference; lastKnownFileType = sourcecode.swift; path = Pedometer.swift; sourceTree = "<group>"; };
		C50B77BB29354BAD00EF61C8 /* WorkoutPlan.swift */ = {isa = PBXFileReference; lastKnownFileType = sourcecode.swift; path = WorkoutPlan.swift; sourceTree = "<group>"; };
		C50B77C1293554C300EF61C8 /* GympactWatch Watch App.app */ = {isa = PBXFileReference; explicitFileType = wrapper.application; includeInIndex = 0; path = "GympactWatch Watch App.app"; sourceTree = BUILT_PRODUCTS_DIR; };
		C50B77C3293554C300EF61C8 /* GympactWatchApp.swift */ = {isa = PBXFileReference; lastKnownFileType = sourcecode.swift; path = GympactWatchApp.swift; sourceTree = "<group>"; };
		C50B77C5293554C300EF61C8 /* ContentView.swift */ = {isa = PBXFileReference; lastKnownFileType = sourcecode.swift; path = ContentView.swift; sourceTree = "<group>"; };
		C50B77C7293554C600EF61C8 /* Assets.xcassets */ = {isa = PBXFileReference; lastKnownFileType = folder.assetcatalog; path = Assets.xcassets; sourceTree = "<group>"; };
		C50B77CA293554C600EF61C8 /* Preview Assets.xcassets */ = {isa = PBXFileReference; lastKnownFileType = folder.assetcatalog; path = "Preview Assets.xcassets"; sourceTree = "<group>"; };
		C50B77CF293556F400EF61C8 /* GympactWatch-Watch-App-Info.plist */ = {isa = PBXFileReference; lastKnownFileType = text.plist; path = "GympactWatch-Watch-App-Info.plist"; sourceTree = SOURCE_ROOT; };
		C57A1858294450A100A3DC86 /* SettingsView.swift */ = {isa = PBXFileReference; lastKnownFileType = sourcecode.swift; path = SettingsView.swift; sourceTree = "<group>"; };
		C57A185A29454DB200A3DC86 /* CalculatorView.swift */ = {isa = PBXFileReference; lastKnownFileType = sourcecode.swift; path = CalculatorView.swift; sourceTree = "<group>"; };
		C59AE16C2942F49A000158DD /* Info.plist */ = {isa = PBXFileReference; lastKnownFileType = text.plist; path = Info.plist; sourceTree = "<group>"; };
		DE751EE6D83CD4F950E70169 /* Pods-Gympact.debug.xcconfig */ = {isa = PBXFileReference; includeInIndex = 1; lastKnownFileType = text.xcconfig; name = "Pods-Gympact.debug.xcconfig"; path = "Target Support Files/Pods-Gympact/Pods-Gympact.debug.xcconfig"; sourceTree = "<group>"; };
/* End PBXFileReference section */

/* Begin PBXFrameworksBuildPhase section */
		4DFA7258292C356C006BAF73 /* Frameworks */ = {
			isa = PBXFrameworksBuildPhase;
			buildActionMask = 2147483647;
			files = (
				264FE1F89C1AA21DD04D14E1 /* Pods_Gympact.framework in Frameworks */,
			);
			runOnlyForDeploymentPostprocessing = 0;
		};
		C50B77BE293554C300EF61C8 /* Frameworks */ = {
			isa = PBXFrameworksBuildPhase;
			buildActionMask = 2147483647;
			files = (
			);
			runOnlyForDeploymentPostprocessing = 0;
		};
/* End PBXFrameworksBuildPhase section */

/* Begin PBXGroup section */
		027CCB372935144300BAE237 /* Component */ = {
			isa = PBXGroup;
			children = (
				027CCB382935144F00BAE237 /* Components.swift */,
			);
			path = Component;
			sourceTree = "<group>";
		};
		4DFA7252292C356C006BAF73 = {
			isa = PBXGroup;
			children = (
				4DFA725D292C356C006BAF73 /* Gympact */,
				C50B77C2293554C300EF61C8 /* GympactWatch Watch App */,
				4DFA725C292C356C006BAF73 /* Products */,
				C1C9391B27667638CD7BCB06 /* Pods */,
				6BCD536B0AAB618FCF022E41 /* Frameworks */,
			);
			sourceTree = "<group>";
		};
		4DFA725C292C356C006BAF73 /* Products */ = {
			isa = PBXGroup;
			children = (
				4DFA725B292C356C006BAF73 /* Gympact.app */,
				C50B77C1293554C300EF61C8 /* GympactWatch Watch App.app */,
			);
			name = Products;
			sourceTree = "<group>";
		};
		4DFA725D292C356C006BAF73 /* Gympact */ = {
			isa = PBXGroup;
			children = (
				C59AE16C2942F49A000158DD /* Info.plist */,
				027CCB372935144300BAE237 /* Component */,
				4DFA7273292C3B6E006BAF73 /* GoogleService-Info.plist */,
				4DFA725E292C356C006BAF73 /* GympactApp.swift */,
				4DFA726E292C35BA006BAF73 /* controller */,
				4DFA726D292C35AA006BAF73 /* view */,
				4DFA726C292C359B006BAF73 /* model */,
				4DFA7262292C356E006BAF73 /* Assets.xcassets */,
				4DFA7264292C356E006BAF73 /* Preview Content */,
			);
			path = Gympact;
			sourceTree = "<group>";
		};
		4DFA7264292C356E006BAF73 /* Preview Content */ = {
			isa = PBXGroup;
			children = (
				4DFA7265292C356E006BAF73 /* Preview Assets.xcassets */,
			);
			path = "Preview Content";
			sourceTree = "<group>";
		};
		4DFA726C292C359B006BAF73 /* model */ = {
			isa = PBXGroup;
			children = (
				4DFA726F292C3795006BAF73 /* Workout.swift */,
				027CCB33293513D400BAE237 /* User.swift */,
			);
			path = model;
			sourceTree = "<group>";
		};
		4DFA726D292C35AA006BAF73 /* view */ = {
			isa = PBXGroup;
			children = (
				4D115C4029353E8000FCA3C3 /* WorkoutEduCatView.swift */,
				4D115C3F29353E7C00FCA3C3 /* WorkoutEduDetailView.swift */,
				4D115C4129353E8300FCA3C3 /* WorkoutEduListView.swift */,
				027CCB2D2935139500BAE237 /* Login.swift */,
				4DFA7260292C356C006BAF73 /* ContentView.swift */,
				027CCB2F293513AD00BAE237 /* Register.swift */,
				027CCB31293513C200BAE237 /* Information.swift */,
				027CCB35293513DE00BAE237 /* Goals.swift */,
				C50B77B529353DFB00EF61C8 /* Homepage.swift */,
				C50B77B729354B8000EF61C8 /* Calendar.swift */,
				C50B77B929354BA000EF61C8 /* Pedometer.swift */,
				C50B77BB29354BAD00EF61C8 /* WorkoutPlan.swift */,
				4DBAF34229440BF100DBA858 /* VideoView.swift */,
				C57A1858294450A100A3DC86 /* SettingsView.swift */,
				C57A185A29454DB200A3DC86 /* CalculatorView.swift */,
			);
			path = view;
			sourceTree = "<group>";
		};
		4DFA726E292C35BA006BAF73 /* controller */ = {
			isa = PBXGroup;
			children = (
				4DFA7271292C37AD006BAF73 /* WorkoutDBController.swift */,
				0222D8DF29354247008D7B23 /* FireDBHelper.swift */,
			);
			path = controller;
			sourceTree = "<group>";
		};
		6BCD536B0AAB618FCF022E41 /* Frameworks */ = {
			isa = PBXGroup;
			children = (
				7907086636ADACB41E41AF2E /* Pods_Gympact.framework */,
			);
			name = Frameworks;
			sourceTree = "<group>";
		};
		C1C9391B27667638CD7BCB06 /* Pods */ = {
			isa = PBXGroup;
			children = (
				DE751EE6D83CD4F950E70169 /* Pods-Gympact.debug.xcconfig */,
				B57D5E4790BDE34564B23737 /* Pods-Gympact.release.xcconfig */,
			);
			path = Pods;
			sourceTree = "<group>";
		};
		C50B77C2293554C300EF61C8 /* GympactWatch Watch App */ = {
			isa = PBXGroup;
			children = (
				C50B77CF293556F400EF61C8 /* GympactWatch-Watch-App-Info.plist */,
				C50B77C3293554C300EF61C8 /* GympactWatchApp.swift */,
				C50B77C5293554C300EF61C8 /* ContentView.swift */,
				C50B77C7293554C600EF61C8 /* Assets.xcassets */,
				C50B77C9293554C600EF61C8 /* Preview Content */,
			);
			path = "GympactWatch Watch App";
			sourceTree = "<group>";
		};
		C50B77C9293554C600EF61C8 /* Preview Content */ = {
			isa = PBXGroup;
			children = (
				C50B77CA293554C600EF61C8 /* Preview Assets.xcassets */,
			);
			path = "Preview Content";
			sourceTree = "<group>";
		};
/* End PBXGroup section */

/* Begin PBXNativeTarget section */
		4DFA725A292C356C006BAF73 /* Gympact */ = {
			isa = PBXNativeTarget;
			buildConfigurationList = 4DFA7269292C356E006BAF73 /* Build configuration list for PBXNativeTarget "Gympact" */;
			buildPhases = (
				B186E8E3124E4D2CB4FF4984 /* [CP] Check Pods Manifest.lock */,
				4DFA7257292C356C006BAF73 /* Sources */,
				4DFA7258292C356C006BAF73 /* Frameworks */,
				4DFA7259292C356C006BAF73 /* Resources */,
				449B53659711528D807D86A3 /* [CP] Embed Pods Frameworks */,
			);
			buildRules = (
			);
			dependencies = (
			);
			name = Gympact;
			productName = Gympact;
			productReference = 4DFA725B292C356C006BAF73 /* Gympact.app */;
			productType = "com.apple.product-type.application";
		};
		C50B77C0293554C300EF61C8 /* GympactWatch Watch App */ = {
			isa = PBXNativeTarget;
			buildConfigurationList = C50B77CE293554C600EF61C8 /* Build configuration list for PBXNativeTarget "GympactWatch Watch App" */;
			buildPhases = (
				C50B77BD293554C300EF61C8 /* Sources */,
				C50B77BE293554C300EF61C8 /* Frameworks */,
				C50B77BF293554C300EF61C8 /* Resources */,
			);
			buildRules = (
			);
			dependencies = (
			);
			name = "GympactWatch Watch App";
			productName = "GympactWatch Watch App";
			productReference = C50B77C1293554C300EF61C8 /* GympactWatch Watch App.app */;
			productType = "com.apple.product-type.application";
		};
/* End PBXNativeTarget section */

/* Begin PBXProject section */
		4DFA7253292C356C006BAF73 /* Project object */ = {
			isa = PBXProject;
			attributes = {
				BuildIndependentTargetsInParallel = 1;
				LastSwiftUpdateCheck = 1400;
				LastUpgradeCheck = 1410;
				TargetAttributes = {
					4DFA725A292C356C006BAF73 = {
						CreatedOnToolsVersion = 14.1;
					};
					C50B77C0293554C300EF61C8 = {
						CreatedOnToolsVersion = 14.0;
					};
				};
			};
			buildConfigurationList = 4DFA7256292C356C006BAF73 /* Build configuration list for PBXProject "Gympact" */;
			compatibilityVersion = "Xcode 14.0";
			developmentRegion = en;
			hasScannedForEncodings = 0;
			knownRegions = (
				en,
				Base,
			);
			mainGroup = 4DFA7252292C356C006BAF73;
			productRefGroup = 4DFA725C292C356C006BAF73 /* Products */;
			projectDirPath = "";
			projectRoot = "";
			targets = (
				4DFA725A292C356C006BAF73 /* Gympact */,
				C50B77C0293554C300EF61C8 /* GympactWatch Watch App */,
			);
		};
/* End PBXProject section */

/* Begin PBXResourcesBuildPhase section */
		4DFA7259292C356C006BAF73 /* Resources */ = {
			isa = PBXResourcesBuildPhase;
			buildActionMask = 2147483647;
			files = (
				4DFA7266292C356E006BAF73 /* Preview Assets.xcassets in Resources */,
				4DFA7263292C356E006BAF73 /* Assets.xcassets in Resources */,
				4DFA7274292C3B6E006BAF73 /* GoogleService-Info.plist in Resources */,
			);
			runOnlyForDeploymentPostprocessing = 0;
		};
		C50B77BF293554C300EF61C8 /* Resources */ = {
			isa = PBXResourcesBuildPhase;
			buildActionMask = 2147483647;
			files = (
				C50B77CB293554C600EF61C8 /* Preview Assets.xcassets in Resources */,
				C50B77C8293554C600EF61C8 /* Assets.xcassets in Resources */,
			);
			runOnlyForDeploymentPostprocessing = 0;
		};
/* End PBXResourcesBuildPhase section */

/* Begin PBXShellScriptBuildPhase section */
		449B53659711528D807D86A3 /* [CP] Embed Pods Frameworks */ = {
			isa = PBXShellScriptBuildPhase;
			buildActionMask = 2147483647;
			files = (
			);
			inputFileListPaths = (
				"${PODS_ROOT}/Target Support Files/Pods-Gympact/Pods-Gympact-frameworks-${CONFIGURATION}-input-files.xcfilelist",
			);
			name = "[CP] Embed Pods Frameworks";
			outputFileListPaths = (
				"${PODS_ROOT}/Target Support Files/Pods-Gympact/Pods-Gympact-frameworks-${CONFIGURATION}-output-files.xcfilelist",
			);
			runOnlyForDeploymentPostprocessing = 0;
			shellPath = /bin/sh;
			shellScript = "\"${PODS_ROOT}/Target Support Files/Pods-Gympact/Pods-Gympact-frameworks.sh\"\n";
			showEnvVarsInLog = 0;
		};
		B186E8E3124E4D2CB4FF4984 /* [CP] Check Pods Manifest.lock */ = {
			isa = PBXShellScriptBuildPhase;
			buildActionMask = 2147483647;
			files = (
			);
			inputFileListPaths = (
			);
			inputPaths = (
				"${PODS_PODFILE_DIR_PATH}/Podfile.lock",
				"${PODS_ROOT}/Manifest.lock",
			);
			name = "[CP] Check Pods Manifest.lock";
			outputFileListPaths = (
			);
			outputPaths = (
				"$(DERIVED_FILE_DIR)/Pods-Gympact-checkManifestLockResult.txt",
			);
			runOnlyForDeploymentPostprocessing = 0;
			shellPath = /bin/sh;
			shellScript = "diff \"${PODS_PODFILE_DIR_PATH}/Podfile.lock\" \"${PODS_ROOT}/Manifest.lock\" > /dev/null\nif [ $? != 0 ] ; then\n    # print error to STDERR\n    echo \"error: The sandbox is not in sync with the Podfile.lock. Run 'pod install' or update your CocoaPods installation.\" >&2\n    exit 1\nfi\n# This output is used by Xcode 'outputs' to avoid re-running this script phase.\necho \"SUCCESS\" > \"${SCRIPT_OUTPUT_FILE_0}\"\n";
			showEnvVarsInLog = 0;
		};
/* End PBXShellScriptBuildPhase section */

/* Begin PBXSourcesBuildPhase section */
		4DFA7257292C356C006BAF73 /* Sources */ = {
			isa = PBXSourcesBuildPhase;
			buildActionMask = 2147483647;
			files = (
				027CCB30293513AD00BAE237 /* Register.swift in Sources */,
				C57A185B29454DB200A3DC86 /* CalculatorView.swift in Sources */,
				027CCB32293513C200BAE237 /* Information.swift in Sources */,
				4D115C4329353E8300FCA3C3 /* WorkoutEduCatView.swift in Sources */,
				C50B77B829354B8000EF61C8 /* Calendar.swift in Sources */,
				4DFA7261292C356C006BAF73 /* ContentView.swift in Sources */,
				C57A1859294450A100A3DC86 /* SettingsView.swift in Sources */,
				4D115C4429353E8300FCA3C3 /* WorkoutEduListView.swift in Sources */,
				027CCB2E2935139500BAE237 /* Login.swift in Sources */,
				027CCB34293513D400BAE237 /* User.swift in Sources */,
				027CCB36293513DE00BAE237 /* Goals.swift in Sources */,
				4DBAF34329440BF100DBA858 /* VideoView.swift in Sources */,
				4DFA7272292C37AD006BAF73 /* WorkoutDBController.swift in Sources */,
				C50B77B629353DFB00EF61C8 /* Homepage.swift in Sources */,
				0222D8E029354247008D7B23 /* FireDBHelper.swift in Sources */,
				C50B77BC29354BAD00EF61C8 /* WorkoutPlan.swift in Sources */,
				C50B77BA29354BA000EF61C8 /* Pedometer.swift in Sources */,
				027CCB392935144F00BAE237 /* Components.swift in Sources */,
				4D115C4229353E8300FCA3C3 /* WorkoutEduDetailView.swift in Sources */,
				4DFA725F292C356C006BAF73 /* GympactApp.swift in Sources */,
				4DFA7270292C3795006BAF73 /* Workout.swift in Sources */,
			);
			runOnlyForDeploymentPostprocessing = 0;
		};
		C50B77BD293554C300EF61C8 /* Sources */ = {
			isa = PBXSourcesBuildPhase;
			buildActionMask = 2147483647;
			files = (
				C50B77C6293554C300EF61C8 /* ContentView.swift in Sources */,
				C50B77C4293554C300EF61C8 /* GympactWatchApp.swift in Sources */,
			);
			runOnlyForDeploymentPostprocessing = 0;
		};
/* End PBXSourcesBuildPhase section */

/* Begin XCBuildConfiguration section */
		4DFA7267292C356E006BAF73 /* Debug */ = {
			isa = XCBuildConfiguration;
			buildSettings = {
				ALWAYS_SEARCH_USER_PATHS = NO;
				CLANG_ANALYZER_NONNULL = YES;
				CLANG_ANALYZER_NUMBER_OBJECT_CONVERSION = YES_AGGRESSIVE;
				CLANG_CXX_LANGUAGE_STANDARD = "gnu++20";
				CLANG_ENABLE_MODULES = YES;
				CLANG_ENABLE_OBJC_ARC = YES;
				CLANG_ENABLE_OBJC_WEAK = YES;
				CLANG_WARN_BLOCK_CAPTURE_AUTORELEASING = YES;
				CLANG_WARN_BOOL_CONVERSION = YES;
				CLANG_WARN_COMMA = YES;
				CLANG_WARN_CONSTANT_CONVERSION = YES;
				CLANG_WARN_DEPRECATED_OBJC_IMPLEMENTATIONS = YES;
				CLANG_WARN_DIRECT_OBJC_ISA_USAGE = YES_ERROR;
				CLANG_WARN_DOCUMENTATION_COMMENTS = YES;
				CLANG_WARN_EMPTY_BODY = YES;
				CLANG_WARN_ENUM_CONVERSION = YES;
				CLANG_WARN_INFINITE_RECURSION = YES;
				CLANG_WARN_INT_CONVERSION = YES;
				CLANG_WARN_NON_LITERAL_NULL_CONVERSION = YES;
				CLANG_WARN_OBJC_IMPLICIT_RETAIN_SELF = YES;
				CLANG_WARN_OBJC_LITERAL_CONVERSION = YES;
				CLANG_WARN_OBJC_ROOT_CLASS = YES_ERROR;
				CLANG_WARN_QUOTED_INCLUDE_IN_FRAMEWORK_HEADER = YES;
				CLANG_WARN_RANGE_LOOP_ANALYSIS = YES;
				CLANG_WARN_STRICT_PROTOTYPES = YES;
				CLANG_WARN_SUSPICIOUS_MOVE = YES;
				CLANG_WARN_UNGUARDED_AVAILABILITY = YES_AGGRESSIVE;
				CLANG_WARN_UNREACHABLE_CODE = YES;
				CLANG_WARN__DUPLICATE_METHOD_MATCH = YES;
				COPY_PHASE_STRIP = NO;
				DEBUG_INFORMATION_FORMAT = dwarf;
				ENABLE_STRICT_OBJC_MSGSEND = YES;
				ENABLE_TESTABILITY = YES;
				GCC_C_LANGUAGE_STANDARD = gnu11;
				GCC_DYNAMIC_NO_PIC = NO;
				GCC_NO_COMMON_BLOCKS = YES;
				GCC_OPTIMIZATION_LEVEL = 0;
				GCC_PREPROCESSOR_DEFINITIONS = (
					"DEBUG=1",
					"$(inherited)",
				);
				GCC_WARN_64_TO_32_BIT_CONVERSION = YES;
				GCC_WARN_ABOUT_RETURN_TYPE = YES_ERROR;
				GCC_WARN_UNDECLARED_SELECTOR = YES;
				GCC_WARN_UNINITIALIZED_AUTOS = YES_AGGRESSIVE;
				GCC_WARN_UNUSED_FUNCTION = YES;
				GCC_WARN_UNUSED_VARIABLE = YES;
				MTL_ENABLE_DEBUG_INFO = INCLUDE_SOURCE;
				MTL_FAST_MATH = YES;
				ONLY_ACTIVE_ARCH = YES;
				SDKROOT = iphoneos;
				SWIFT_ACTIVE_COMPILATION_CONDITIONS = DEBUG;
				SWIFT_OPTIMIZATION_LEVEL = "-Onone";
			};
			name = Debug;
		};
		4DFA7268292C356E006BAF73 /* Release */ = {
			isa = XCBuildConfiguration;
			buildSettings = {
				ALWAYS_SEARCH_USER_PATHS = NO;
				CLANG_ANALYZER_NONNULL = YES;
				CLANG_ANALYZER_NUMBER_OBJECT_CONVERSION = YES_AGGRESSIVE;
				CLANG_CXX_LANGUAGE_STANDARD = "gnu++20";
				CLANG_ENABLE_MODULES = YES;
				CLANG_ENABLE_OBJC_ARC = YES;
				CLANG_ENABLE_OBJC_WEAK = YES;
				CLANG_WARN_BLOCK_CAPTURE_AUTORELEASING = YES;
				CLANG_WARN_BOOL_CONVERSION = YES;
				CLANG_WARN_COMMA = YES;
				CLANG_WARN_CONSTANT_CONVERSION = YES;
				CLANG_WARN_DEPRECATED_OBJC_IMPLEMENTATIONS = YES;
				CLANG_WARN_DIRECT_OBJC_ISA_USAGE = YES_ERROR;
				CLANG_WARN_DOCUMENTATION_COMMENTS = YES;
				CLANG_WARN_EMPTY_BODY = YES;
				CLANG_WARN_ENUM_CONVERSION = YES;
				CLANG_WARN_INFINITE_RECURSION = YES;
				CLANG_WARN_INT_CONVERSION = YES;
				CLANG_WARN_NON_LITERAL_NULL_CONVERSION = YES;
				CLANG_WARN_OBJC_IMPLICIT_RETAIN_SELF = YES;
				CLANG_WARN_OBJC_LITERAL_CONVERSION = YES;
				CLANG_WARN_OBJC_ROOT_CLASS = YES_ERROR;
				CLANG_WARN_QUOTED_INCLUDE_IN_FRAMEWORK_HEADER = YES;
				CLANG_WARN_RANGE_LOOP_ANALYSIS = YES;
				CLANG_WARN_STRICT_PROTOTYPES = YES;
				CLANG_WARN_SUSPICIOUS_MOVE = YES;
				CLANG_WARN_UNGUARDED_AVAILABILITY = YES_AGGRESSIVE;
				CLANG_WARN_UNREACHABLE_CODE = YES;
				CLANG_WARN__DUPLICATE_METHOD_MATCH = YES;
				COPY_PHASE_STRIP = NO;
				DEBUG_INFORMATION_FORMAT = "dwarf-with-dsym";
				ENABLE_NS_ASSERTIONS = NO;
				ENABLE_STRICT_OBJC_MSGSEND = YES;
				GCC_C_LANGUAGE_STANDARD = gnu11;
				GCC_NO_COMMON_BLOCKS = YES;
				GCC_WARN_64_TO_32_BIT_CONVERSION = YES;
				GCC_WARN_ABOUT_RETURN_TYPE = YES_ERROR;
				GCC_WARN_UNDECLARED_SELECTOR = YES;
				GCC_WARN_UNINITIALIZED_AUTOS = YES_AGGRESSIVE;
				GCC_WARN_UNUSED_FUNCTION = YES;
				GCC_WARN_UNUSED_VARIABLE = YES;
				MTL_ENABLE_DEBUG_INFO = NO;
				MTL_FAST_MATH = YES;
				SDKROOT = iphoneos;
				SWIFT_COMPILATION_MODE = wholemodule;
				SWIFT_OPTIMIZATION_LEVEL = "-O";
				VALIDATE_PRODUCT = YES;
			};
			name = Release;
		};
		4DFA726A292C356E006BAF73 /* Debug */ = {
			isa = XCBuildConfiguration;
			baseConfigurationReference = DE751EE6D83CD4F950E70169 /* Pods-Gympact.debug.xcconfig */;
			buildSettings = {
				ASSETCATALOG_COMPILER_APPICON_NAME = AppIcon;
				ASSETCATALOG_COMPILER_GLOBAL_ACCENT_COLOR_NAME = AccentColor;
				CODE_SIGN_STYLE = Automatic;
				CURRENT_PROJECT_VERSION = 1;
				DEVELOPMENT_ASSET_PATHS = "\"Gympact/Preview Content\"";
				DEVELOPMENT_TEAM = XNTV959MXM;
				ENABLE_PREVIEWS = YES;
				GENERATE_INFOPLIST_FILE = YES;
				INFOPLIST_FILE = Gympact/Info.plist;
				INFOPLIST_KEY_NSMotionUsageDescription = "Require Motion Usage Description for the pedometer";
				INFOPLIST_KEY_UIApplicationSceneManifest_Generation = YES;
				INFOPLIST_KEY_UIApplicationSupportsIndirectInputEvents = YES;
				INFOPLIST_KEY_UILaunchScreen_Generation = YES;
				INFOPLIST_KEY_UISupportedInterfaceOrientations_iPad = "UIInterfaceOrientationPortrait UIInterfaceOrientationPortraitUpsideDown UIInterfaceOrientationLandscapeLeft UIInterfaceOrientationLandscapeRight";
				INFOPLIST_KEY_UISupportedInterfaceOrientations_iPhone = "UIInterfaceOrientationPortrait UIInterfaceOrientationLandscapeLeft UIInterfaceOrientationLandscapeRight";
				IPHONEOS_DEPLOYMENT_TARGET = 16.0;
				LD_RUNPATH_SEARCH_PATHS = (
					"$(inherited)",
					"@executable_path/Frameworks",
				);
				MARKETING_VERSION = 1.0;
				PRODUCT_BUNDLE_IDENTIFIER = Bhar.Gympact;
				PRODUCT_NAME = "$(TARGET_NAME)";
				SWIFT_EMIT_LOC_STRINGS = YES;
				SWIFT_VERSION = 5.0;
				TARGETED_DEVICE_FAMILY = "1,2";
			};
			name = Debug;
		};
		4DFA726B292C356E006BAF73 /* Release */ = {
			isa = XCBuildConfiguration;
			baseConfigurationReference = B57D5E4790BDE34564B23737 /* Pods-Gympact.release.xcconfig */;
			buildSettings = {
				ASSETCATALOG_COMPILER_APPICON_NAME = AppIcon;
				ASSETCATALOG_COMPILER_GLOBAL_ACCENT_COLOR_NAME = AccentColor;
				CODE_SIGN_STYLE = Automatic;
				CURRENT_PROJECT_VERSION = 1;
				DEVELOPMENT_ASSET_PATHS = "\"Gympact/Preview Content\"";
				DEVELOPMENT_TEAM = XNTV959MXM;
				ENABLE_PREVIEWS = YES;
				GENERATE_INFOPLIST_FILE = YES;
				INFOPLIST_FILE = Gympact/Info.plist;
				INFOPLIST_KEY_NSMotionUsageDescription = "Require Motion Usage Description for the pedometer";
				INFOPLIST_KEY_UIApplicationSceneManifest_Generation = YES;
				INFOPLIST_KEY_UIApplicationSupportsIndirectInputEvents = YES;
				INFOPLIST_KEY_UILaunchScreen_Generation = YES;
				INFOPLIST_KEY_UISupportedInterfaceOrientations_iPad = "UIInterfaceOrientationPortrait UIInterfaceOrientationPortraitUpsideDown UIInterfaceOrientationLandscapeLeft UIInterfaceOrientationLandscapeRight";
				INFOPLIST_KEY_UISupportedInterfaceOrientations_iPhone = "UIInterfaceOrientationPortrait UIInterfaceOrientationLandscapeLeft UIInterfaceOrientationLandscapeRight";
				IPHONEOS_DEPLOYMENT_TARGET = 16.0;
				LD_RUNPATH_SEARCH_PATHS = (
					"$(inherited)",
					"@executable_path/Frameworks",
				);
				MARKETING_VERSION = 1.0;
				PRODUCT_BUNDLE_IDENTIFIER = Bhar.Gympact;
				PRODUCT_NAME = "$(TARGET_NAME)";
				SWIFT_EMIT_LOC_STRINGS = YES;
				SWIFT_VERSION = 5.0;
				TARGETED_DEVICE_FAMILY = "1,2";
			};
			name = Release;
		};
		C50B77CC293554C600EF61C8 /* Debug */ = {
			isa = XCBuildConfiguration;
			buildSettings = {
				ASSETCATALOG_COMPILER_APPICON_NAME = AppIcon;
				ASSETCATALOG_COMPILER_GLOBAL_ACCENT_COLOR_NAME = AccentColor;
				CODE_SIGN_STYLE = Automatic;
				CURRENT_PROJECT_VERSION = 1;
				DEVELOPMENT_ASSET_PATHS = "\"GympactWatch Watch App/Preview Content\"";
				DEVELOPMENT_TEAM = XNTV959MXM;
				ENABLE_PREVIEWS = YES;
				GENERATE_INFOPLIST_FILE = YES;
				INFOPLIST_FILE = "GympactWatch-Watch-App-Info.plist";
				INFOPLIST_KEY_CFBundleDisplayName = GympactWatch;
				INFOPLIST_KEY_LSApplicationCategoryType = "";
				INFOPLIST_KEY_NSMotionUsageDescription = "Watch needs to track motion for the pedometer";
				INFOPLIST_KEY_UISupportedInterfaceOrientations = "UIInterfaceOrientationPortrait UIInterfaceOrientationPortraitUpsideDown";
				INFOPLIST_KEY_WKCompanionAppBundleIdentifier = "";
				LD_RUNPATH_SEARCH_PATHS = (
					"$(inherited)",
					"@executable_path/Frameworks",
				);
				MARKETING_VERSION = 1.0;
				PRODUCT_BUNDLE_IDENTIFIER = .watchkitapp;
				PRODUCT_NAME = "$(TARGET_NAME)";
				SDKROOT = watchos;
				SKIP_INSTALL = YES;
				SWIFT_EMIT_LOC_STRINGS = YES;
				SWIFT_VERSION = 5.0;
				TARGETED_DEVICE_FAMILY = 4;
				WATCHOS_DEPLOYMENT_TARGET = 9.0;
			};
			name = Debug;
		};
		C50B77CD293554C600EF61C8 /* Release */ = {
			isa = XCBuildConfiguration;
			buildSettings = {
				ASSETCATALOG_COMPILER_APPICON_NAME = AppIcon;
				ASSETCATALOG_COMPILER_GLOBAL_ACCENT_COLOR_NAME = AccentColor;
				CODE_SIGN_STYLE = Automatic;
				CURRENT_PROJECT_VERSION = 1;
				DEVELOPMENT_ASSET_PATHS = "\"GympactWatch Watch App/Preview Content\"";
				DEVELOPMENT_TEAM = XNTV959MXM;
				ENABLE_PREVIEWS = YES;
				GENERATE_INFOPLIST_FILE = YES;
				INFOPLIST_FILE = "GympactWatch-Watch-App-Info.plist";
				INFOPLIST_KEY_CFBundleDisplayName = GympactWatch;
				INFOPLIST_KEY_LSApplicationCategoryType = "";
				INFOPLIST_KEY_NSMotionUsageDescription = "Watch needs to track motion for the pedometer";
				INFOPLIST_KEY_UISupportedInterfaceOrientations = "UIInterfaceOrientationPortrait UIInterfaceOrientationPortraitUpsideDown";
				INFOPLIST_KEY_WKCompanionAppBundleIdentifier = "";
				LD_RUNPATH_SEARCH_PATHS = (
					"$(inherited)",
					"@executable_path/Frameworks",
				);
				MARKETING_VERSION = 1.0;
				PRODUCT_BUNDLE_IDENTIFIER = .watchkitapp;
				PRODUCT_NAME = "$(TARGET_NAME)";
				SDKROOT = watchos;
				SKIP_INSTALL = YES;
				SWIFT_EMIT_LOC_STRINGS = YES;
				SWIFT_VERSION = 5.0;
				TARGETED_DEVICE_FAMILY = 4;
				WATCHOS_DEPLOYMENT_TARGET = 9.0;
			};
			name = Release;
		};
/* End XCBuildConfiguration section */

/* Begin XCConfigurationList section */
		4DFA7256292C356C006BAF73 /* Build configuration list for PBXProject "Gympact" */ = {
			isa = XCConfigurationList;
			buildConfigurations = (
				4DFA7267292C356E006BAF73 /* Debug */,
				4DFA7268292C356E006BAF73 /* Release */,
			);
			defaultConfigurationIsVisible = 0;
			defaultConfigurationName = Release;
		};
		4DFA7269292C356E006BAF73 /* Build configuration list for PBXNativeTarget "Gympact" */ = {
			isa = XCConfigurationList;
			buildConfigurations = (
				4DFA726A292C356E006BAF73 /* Debug */,
				4DFA726B292C356E006BAF73 /* Release */,
			);
			defaultConfigurationIsVisible = 0;
			defaultConfigurationName = Release;
		};
		C50B77CE293554C600EF61C8 /* Build configuration list for PBXNativeTarget "GympactWatch Watch App" */ = {
			isa = XCConfigurationList;
			buildConfigurations = (
				C50B77CC293554C600EF61C8 /* Debug */,
				C50B77CD293554C600EF61C8 /* Release */,
			);
			defaultConfigurationIsVisible = 0;
			defaultConfigurationName = Release;
		};
/* End XCConfigurationList section */
	};
	rootObject = 4DFA7253292C356C006BAF73 /* Project object */;
}
